
Microsoft Visual Studio Solution File, Format Version 12.00
# Visual Studio Version 17
VisualStudioVersion = 17.8.34309.116
MinimumVisualStudioVersion = 10.0.40219.1
Project("{9A19103F-16F7-4668-BE54-9A1E7A4F7556}") = "ConsoleApp", "ConsoleApp\ConsoleApp.csproj", "{AFCFC8A6-4930-47C1-841E-CF6A93AA486C}"
EndProject
Project("{FAE04EC0-301F-11D3-BF4B-00C04F79EFBC}") = "ConsoleApp.Tests", "ConsoleApp.Tests\ConsoleApp.Tests.csproj", "{50A9C247-A305-496D-971F-71D501612CEA}"
EndProject
Global
	GlobalSection(SolutionConfigurationPlatforms) = preSolution
		Debug|Any CPU = Debug|Any CPU
		Release|Any CPU = Release|Any CPU
	EndGlobalSection
	GlobalSection(ProjectConfigurationPlatforms) = postSolution
		{AFCFC8A6-4930-47C1-841E-CF6A93AA486C}.Debug|Any CPU.ActiveCfg = Debug|Any CPU
		{AFCFC8A6-4930-47C1-841E-CF6A93AA486C}.Debug|Any CPU.Build.0 = Debug|Any CPU
		{AFCFC8A6-4930-47C1-841E-CF6A93AA486C}.Release|Any CPU.ActiveCfg = Release|Any CPU
		{AFCFC8A6-4930-47C1-841E-CF6A93AA486C}.Release|Any CPU.Build.0 = Release|Any CPU
		{50A9C247-A305-496D-971F-71D501612CEA}.Debug|Any CPU.ActiveCfg = Debug|Any CPU
		{50A9C247-A305-496D-971F-71D501612CEA}.Debug|Any CPU.Build.0 = Debug|Any CPU
		{50A9C247-A305-496D-971F-71D501612CEA}.Release|Any CPU.ActiveCfg = Release|Any CPU
		{50A9C247-A305-496D-971F-71D501612CEA}.Release|Any CPU.Build.0 = Release|Any CPU
	EndGlobalSection
	GlobalSection(SolutionProperties) = preSolution
		HideSolutionNode = FALSE
	EndGlobalSection
	GlobalSection(ExtensibilityGlobals) = postSolution
		SolutionGuid = {B85B65D4-BC28-4055-9A36-1392D77BDFD4}
	EndGlobalSection
EndGlobal
